{
  "version": "3",
  "packages": {
    "specifiers": {
      "npm:@types/node": "npm:@types/node@18.16.19",
      "npm:crypto-js": "npm:crypto-js@4.2.0"
    },
    "npm": {
      "@types/node@18.16.19": {
        "integrity": "sha512-IXl7o+R9iti9eBW4Wg2hx1xQDig183jj7YLn8F7udNceyfkbn1ZxmzZXuak20gR40D7pIkIY1kYGx5VIGbaHKA==",
        "dependencies": {}
      },
      "crypto-js@4.2.0": {
        "integrity": "sha512-KALDyEYgpY+Rlob/iriUtjV6d5Eq+Y191A5g4UqLAi8CyGP9N1+FdVbkc1SxKc2r4YAYqG8JzO2KGL+AizD70Q==",
        "dependencies": {}
      }
    }
  },
  "redirects": {
    "https://crux.land/router@0.0.5": "https://crux.land/api/get/2KNRVU.ts",
    "https://esm.sh/@supabase/supabase-js": "https://esm.sh/@supabase/supabase-js@2.39.3"
  },
  "remote": {
    "https://crux.land/api/get/2KNRVU.ts": "6a77d55844aba78d01520c5ff0b2f0af7f24cc1716a0de8b3bb6bd918c47b5ba",
    "https://deno.land/std@0.192.0/fmt/colors.ts": "d67e3cd9f472535241a8e410d33423980bec45047e343577554d3356e1f0ef4e",
    "https://deno.land/std@0.192.0/testing/_diff.ts": "1a3c044aedf77647d6cac86b798c6417603361b66b54c53331b312caeb447aea",
    "https://deno.land/std@0.192.0/testing/_format.ts": "a69126e8a469009adf4cf2a50af889aca364c349797e63174884a52ff75cf4c7",
    "https://deno.land/std@0.192.0/testing/asserts.ts": "e16d98b4d73ffc4ed498d717307a12500ae4f2cbe668f1a215632d19fcffc22f",
    "https://deno.land/std@0.213.0/assert/_constants.ts": "a271e8ef5a573f1df8e822a6eb9d09df064ad66a4390f21b3e31f820a38e0975",
    "https://deno.land/std@0.213.0/assert/_diff.ts": "dcc63d94ca289aec80644030cf88ccbf7acaa6fbd7b0f22add93616b36593840",
    "https://deno.land/std@0.213.0/assert/_format.ts": "0ba808961bf678437fb486b56405b6fefad2cf87b5809667c781ddee8c32aff4",
    "https://deno.land/std@0.213.0/assert/assert_equals.ts": "4497c56fe7d2993b0d447926702802fc0becb44e319079e8eca39b482ee01b4e",
    "https://deno.land/std@0.213.0/assert/assertion_error.ts": "9f689a101ee586c4ce92f52fa7ddd362e86434ffdf1f848e45987dc7689976b8",
    "https://deno.land/std@0.213.0/assert/equal.ts": "fae5e8a52a11d3ac694bbe1a53e13a7969e3f60791262312e91a3e741ae519e2",
    "https://deno.land/std@0.213.0/fmt/colors.ts": "aeaee795471b56fc62a3cb2e174ed33e91551b535f44677f6320336aabb54fbb",
    "https://deno.land/std@0.215.0/assert/_constants.ts": "a271e8ef5a573f1df8e822a6eb9d09df064ad66a4390f21b3e31f820a38e0975",
    "https://deno.land/std@0.215.0/assert/_diff.ts": "dcc63d94ca289aec80644030cf88ccbf7acaa6fbd7b0f22add93616b36593840",
    "https://deno.land/std@0.215.0/assert/_format.ts": "0ba808961bf678437fb486b56405b6fefad2cf87b5809667c781ddee8c32aff4",
    "https://deno.land/std@0.215.0/assert/assert.ts": "bec068b2fccdd434c138a555b19a2c2393b71dfaada02b7d568a01541e67cdc5",
    "https://deno.land/std@0.215.0/assert/assert_almost_equals.ts": "8b96b7385cc117668b0720115eb6ee73d04c9bcb2f5d2344d674918c9113688f",
    "https://deno.land/std@0.215.0/assert/assert_array_includes.ts": "1688d76317fd45b7e93ef9e2765f112fdf2b7c9821016cdfb380b9445374aed1",
    "https://deno.land/std@0.215.0/assert/assert_equals.ts": "4497c56fe7d2993b0d447926702802fc0becb44e319079e8eca39b482ee01b4e",
    "https://deno.land/std@0.215.0/assert/assert_exists.ts": "24a7bf965e634f909242cd09fbaf38bde6b791128ece08e33ab08586a7cc55c9",
    "https://deno.land/std@0.215.0/assert/assert_false.ts": "6f382568e5128c0f855e5f7dbda8624c1ed9af4fcc33ef4a9afeeedcdce99769",
    "https://deno.land/std@0.215.0/assert/assert_greater.ts": "4945cf5729f1a38874d7e589e0fe5cc5cd5abe5573ca2ddca9d3791aa891856c",
    "https://deno.land/std@0.215.0/assert/assert_greater_or_equal.ts": "573ed8823283b8d94b7443eb69a849a3c369a8eb9666b2d1db50c33763a5d219",
    "https://deno.land/std@0.215.0/assert/assert_instance_of.ts": "72dc1faff1e248692d873c89382fa1579dd7b53b56d52f37f9874a75b11ba444",
    "https://deno.land/std@0.215.0/assert/assert_is_error.ts": "6596f2b5ba89ba2fe9b074f75e9318cda97a2381e59d476812e30077fbdb6ed2",
    "https://deno.land/std@0.215.0/assert/assert_less.ts": "2b4b3fe7910f65f7be52212f19c3977ecb8ba5b2d6d0a296c83cde42920bb005",
    "https://deno.land/std@0.215.0/assert/assert_less_or_equal.ts": "b93d212fe669fbde959e35b3437ac9a4468f2e6b77377e7b6ea2cfdd825d38a0",
    "https://deno.land/std@0.215.0/assert/assert_match.ts": "ec2d9680ed3e7b9746ec57ec923a17eef6d476202f339ad91d22277d7f1d16e1",
    "https://deno.land/std@0.215.0/assert/assert_not_equals.ts": "ac86413ab70ffb14fdfc41740ba579a983fe355ba0ce4a9ab685e6b8e7f6a250",
    "https://deno.land/std@0.215.0/assert/assert_not_instance_of.ts": "8f720d92d83775c40b2542a8d76c60c2d4aeddaf8713c8d11df8984af2604931",
    "https://deno.land/std@0.215.0/assert/assert_not_match.ts": "b4b7c77f146963e2b673c1ce4846473703409eb93f5ab0eb60f6e6f8aeffe39f",
    "https://deno.land/std@0.215.0/assert/assert_not_strict_equals.ts": "da0b8ab60a45d5a9371088378e5313f624799470c3b54c76e8b8abeec40a77be",
    "https://deno.land/std@0.215.0/assert/assert_object_match.ts": "e85e5eef62a56ce364c3afdd27978ccab979288a3e772e6855c270a7b118fa49",
    "https://deno.land/std@0.215.0/assert/assert_rejects.ts": "e9e0c8d9c3e164c7ac962c37b3be50577c5a2010db107ed272c4c1afb1269f54",
    "https://deno.land/std@0.215.0/assert/assert_strict_equals.ts": "0425a98f70badccb151644c902384c12771a93e65f8ff610244b8147b03a2366",
    "https://deno.land/std@0.215.0/assert/assert_string_includes.ts": "dfb072a890167146f8e5bdd6fde887ce4657098e9f71f12716ef37f35fb6f4a7",
    "https://deno.land/std@0.215.0/assert/assert_throws.ts": "edddd86b39606c342164b49ad88dd39a26e72a26655e07545d172f164b617fa7",
    "https://deno.land/std@0.215.0/assert/assertion_error.ts": "9f689a101ee586c4ce92f52fa7ddd362e86434ffdf1f848e45987dc7689976b8",
    "https://deno.land/std@0.215.0/assert/equal.ts": "fae5e8a52a11d3ac694bbe1a53e13a7969e3f60791262312e91a3e741ae519e2",
    "https://deno.land/std@0.215.0/assert/fail.ts": "f310e51992bac8e54f5fd8e44d098638434b2edb802383690e0d7a9be1979f1c",
    "https://deno.land/std@0.215.0/assert/mod.ts": "325df8c0683ad83a873b9691aa66b812d6275fc9fec0b2d180ac68a2c5efed3b",
    "https://deno.land/std@0.215.0/assert/unimplemented.ts": "47ca67d1c6dc53abd0bd729b71a31e0825fc452dbcd4fde4ca06789d5644e7fd",
    "https://deno.land/std@0.215.0/assert/unreachable.ts": "38cfecb95d8b06906022d2f9474794fca4161a994f83354fd079cac9032b5145",
    "https://deno.land/std@0.215.0/fmt/colors.ts": "aeaee795471b56fc62a3cb2e174ed33e91551b535f44677f6320336aabb54fbb",
    "https://deno.land/std@0.215.0/testing/mock.ts": "4c35c9bc7d63cabceadf8fa1d0771104d754352c54054e11e068f9af08821234",
    "https://deno.land/std@0.220.0/testing/_test_suite.ts": "f10a8a6338b60c403f07a76f3f46bdc9f1e1a820c0a1decddeb2949f7a8a0546",
    "https://deno.land/std@0.220.0/testing/bdd.ts": "7a8ac58eded80e6fefa7cf7538927e88781cf5f247c04b35261c3213316e2dd0",
    "https://deno.land/std@0.61.0/fmt/colors.ts": "06444b6ebc3842a4b2340d804bfa81fc5452a03513cbb81bd7f6bf8f4b8f3ac4",
    "https://deno.land/std@0.61.0/testing/asserts.ts": "e12228748a139acfbf00c3ef6022fefd9fc265d7c2034368bad2cd80099c76df",
    "https://deno.land/std@0.61.0/testing/diff.ts": "77338e2b479626c096278d7b4a95f750753ee39558f314db6b794e8d8a98d515",
    "https://deno.land/x/denock@0.2.0/mod.ts": "4acacf865255e5a7098fa05f2997e4cc02fa129dc527146dc33b9ed97cce5c59",
    "https://deno.land/x/denock@0.2.0/src/deps.ts": "9fedda42bce2fbba9cb9fa7b2467b0aef413d35f58a7a91f19ce98b75920665d",
    "https://deno.land/x/denock@0.2.0/src/extractBodyFromRequest.ts": "ed6dbd61c82329245f4a9ae3a97bb8c88fe09890ca45af13291beeaba6e6ee97",
    "https://deno.land/x/denock@0.2.0/src/extractMethodAndBodyFromRequestInitObject.ts": "b720d910b952101fc200444671f3e203094c08c77561db55fdaa8da5c752b7f4",
    "https://deno.land/x/denock@0.2.0/src/formatTargetUrlFromOptions.ts": "7de95be8d9cf5a5b62487f7fa056214ae93ec894e504873c13a264b9e09230f4",
    "https://deno.land/x/denock@0.2.0/src/index.ts": "d499dcac9948e02a9790db8aa2a5313e942836acfead5add4319db8dcc210280",
    "https://deno.land/x/denock@0.2.0/src/type.ts": "4d454d024079389bcf370ee78672827c380b81b1d65de0a54bf563db48e4073d",
    "https://deno.land/x/denock@0.2.0/src/typeguard.ts": "d348d58d81588c0f7aee437576a76ca46c09f7f95a010e4129ca146eb8ff246a",
    "https://deno.land/x/denock@0.2.0/src/verifyMatch.ts": "836dd17b74c1d7ab7024a759ee0bf3732fd4fdbf69a0828cb1e5cce2936a1cc9",
    "https://deno.land/x/mock_fetch@0.3.0/mod.ts": "7e7806c65ab17b2b684c334c4e565812bdaf504a3e9c938d2bb52bb67428bc89",
    "https://esm.sh/@supabase/supabase-js@2.39.3": "2d76631d2b2a8c37f5997c09bdc554b5df5a59603efafba87545dad4cb3a2d11",
    "https://esm.sh/v135/@supabase/functions-js@2.1.5/denonext/functions-js.mjs": "739affd2df20c1affd91991c3731c2537d270b82be5cdbd926c43be40eb2fdc5",
    "https://esm.sh/v135/@supabase/gotrue-js@2.62.0/denonext/gotrue-js.mjs": "5de954b3e937e182013279ad6d2523650c55eca57a255be08cbb359f477bbd24",
    "https://esm.sh/v135/@supabase/node-fetch@2.6.14/denonext/node-fetch.mjs": "23a71af3512da67a8757ab1e2356fa22565758444ea1fc08e0de0e8d4625e8aa",
    "https://esm.sh/v135/@supabase/node-fetch@2.6.15/denonext/node-fetch.mjs": "efad00ea3d4cbe1bee688836ef75339d49a1981bc5728a13e9ad5f26791d5efb",
    "https://esm.sh/v135/@supabase/postgrest-js@1.9.1/denonext/postgrest-js.mjs": "a8ce9faf0988906ea03b3e8327b73ffe7ba31ca8155eb0efb8a3a0ef95572284",
    "https://esm.sh/v135/@supabase/realtime-js@2.9.3/denonext/realtime-js.mjs": "22f025f3a7f744aad39f538fdac296095eb8ec33974c24dc7168571493c707ec",
    "https://esm.sh/v135/@supabase/storage-js@2.5.5/denonext/storage-js.mjs": "66e29e4e55c7d396503e2d1d9376cfbc34f046b962bce4524c2d80b209fff413",
    "https://esm.sh/v135/@supabase/supabase-js@2.39.3/denonext/supabase-js.mjs": "589d6db1f92917dc9691f6c477d8817dd5eb914ad7cada6515f0d8992de4ebc0",
    "https://esm.sh/v135/bufferutil@4.0.8/denonext/bufferutil.mjs": "60a4618cbd1a5cb24935c55590b793d4ecb33862357d32e1d4614a0bbb90947f",
    "https://esm.sh/v135/node-gyp-build@4.6.1/denonext/node-gyp-build.mjs": "5d28b312f145a6cb2ec0dbdd80a7d34c0e0e6b5dcada65411d8bcff6c8991cc6",
    "https://esm.sh/v135/utf-8-validate@6.0.3/denonext/utf-8-validate.mjs": "410c48d66840e987e474a4849cd25829817415cedd25466280effb1287d05aa5",
    "https://esm.sh/v135/ws@8.16.0/denonext/ws.mjs": "0fa0c00b69577ba36d0a36001329b2cec91498cb2e33e329fc76aa6d51a0d54d"
  }
}
